
Microsoft Visual Studio Solution File, Format Version 12.00
# Visual Studio Version 17
VisualStudioVersion = 17.5.33516.290
MinimumVisualStudioVersion = 10.0.40219.1
Project("{FAE04EC0-301F-11D3-BF4B-00C04F79EFBC}") = "RW_PlanetAtmosphere", "src/RW_PlanetAtmosphere/RW_PlanetAtmosphere.csproj", "{533E0D82-79BE-4E5F-9F84-670A6B723D6F}"
EndProject
Global
	GlobalSection(SolutionConfigurationPlatforms) = preSolution
		DebugV13|Any CPU = DebugV13|Any CPU
		DebugV14|Any CPU = DebugV14|Any CPU
		DebugV15|Any CPU = DebugV15|Any CPU
		ReleaseV13|Any CPU = ReleaseV13|Any CPU
		ReleaseV14|Any CPU = ReleaseV14|Any CPU
		ReleaseV15|Any CPU = ReleaseV15|Any CPU
	EndGlobalSection
	GlobalSection(ProjectConfigurationPlatforms) = postSolution
		{533E0D82-79BE-4E5F-9F84-670A6B723D6F}.DebugV13|Any CPU.ActiveCfg = DebugV13|Any CPU
		{533E0D82-79BE-4E5F-9F84-670A6B723D6F}.DebugV13|Any CPU.Build.0 = DebugV13|Any CPU
		{533E0D82-79BE-4E5F-9F84-670A6B723D6F}.DebugV14|Any CPU.ActiveCfg = DebugV14|Any CPU
		{533E0D82-79BE-4E5F-9F84-670A6B723D6F}.DebugV14|Any CPU.Build.0 = DebugV14|Any CPU
		{533E0D82-79BE-4E5F-9F84-670A6B723D6F}.DebugV15|Any CPU.ActiveCfg = DebugV15|Any CPU
		{533E0D82-79BE-4E5F-9F84-670A6B723D6F}.DebugV15|Any CPU.Build.0 = DebugV15|Any CPU
		{533E0D82-79BE-4E5F-9F84-670A6B723D6F}.ReleaseV13|Any CPU.ActiveCfg = ReleaseV13|Any CPU
		{533E0D82-79BE-4E5F-9F84-670A6B723D6F}.ReleaseV13|Any CPU.Build.0 = ReleaseV13|Any CPU
		{533E0D82-79BE-4E5F-9F84-670A6B723D6F}.ReleaseV14|Any CPU.ActiveCfg = ReleaseV14|Any CPU
		{533E0D82-79BE-4E5F-9F84-670A6B723D6F}.ReleaseV14|Any CPU.Build.0 = ReleaseV14|Any CPU
		{533E0D82-79BE-4E5F-9F84-670A6B723D6F}.ReleaseV15|Any CPU.ActiveCfg = ReleaseV15|Any CPU
		{533E0D82-79BE-4E5F-9F84-670A6B723D6F}.ReleaseV15|Any CPU.Build.0 = ReleaseV15|Any CPU
	EndGlobalSection
	GlobalSection(SolutionProperties) = preSolution
		HideSolutionNode = FALSE
	EndGlobalSection
	GlobalSection(ExtensibilityGlobals) = postSolution
		SolutionGuid = {6DC87794-15AC-45DA-B727-1D84A2CD6CDC}
	EndGlobalSection
EndGlobal
